
Microsoft Visual Studio Solution File, Format Version 12.00
# Visual Studio Version 17
VisualStudioVersion = 17.14.37111.16 d17.14
MinimumVisualStudioVersion = 10.0.40219.1
Project("{C9674DCB-5085-4A16-B785-4C70DD1589BD}") = "car-rental-service", "car-rental-service\car-rental-service.dtproj", "{5DC3D70F-3E6E-B181-B070-31C070BFC6B8}"
EndProject
Global
	GlobalSection(SolutionConfigurationPlatforms) = preSolution
		Development|Default = Development|Default
	EndGlobalSection
	GlobalSection(ProjectConfigurationPlatforms) = postSolution
		{5DC3D70F-3E6E-B181-B070-31C070BFC6B8}.Development|Default.ActiveCfg = Development
		{5DC3D70F-3E6E-B181-B070-31C070BFC6B8}.Development|Default.Build.0 = Development
	EndGlobalSection
	GlobalSection(SolutionProperties) = preSolution
		HideSolutionNode = FALSE
	EndGlobalSection
	GlobalSection(ExtensibilityGlobals) = postSolution
		SolutionGuid = {DCFE55D7-601D-4AD2-BEED-406CEC172E53}
	EndGlobalSection
EndGlobal
