
Microsoft Visual Studio Solution File, Format Version 12.00
# Visual Studio Version 17
VisualStudioVersion = 17.14.37111.16 d17.14
MinimumVisualStudioVersion = 10.0.40219.1
Project("{D2ABAB84-BF74-430A-B69E-9DC6D40DDA17}") = "CarRentalDW_Cube", "CarRentalDW_Cube\CarRentalDW_Cube.dwproj", "{9D218114-EB5B-D342-2C05-BDC4FC64BEDB}"
EndProject
Global
	GlobalSection(SolutionConfigurationPlatforms) = preSolution
		Development|Default = Development|Default
	EndGlobalSection
	GlobalSection(ProjectConfigurationPlatforms) = postSolution
		{9D218114-EB5B-D342-2C05-BDC4FC64BEDB}.Development|Default.ActiveCfg = Development
		{9D218114-EB5B-D342-2C05-BDC4FC64BEDB}.Development|Default.Build.0 = Development
		{9D218114-EB5B-D342-2C05-BDC4FC64BEDB}.Development|Default.Deploy.0 = Development
	EndGlobalSection
	GlobalSection(SolutionProperties) = preSolution
		HideSolutionNode = FALSE
	EndGlobalSection
	GlobalSection(ExtensibilityGlobals) = postSolution
		SolutionGuid = {39D2FBB8-097A-46B1-9E75-59179BF4E3BC}
	EndGlobalSection
EndGlobal
